
Microsoft Visual Studio Solution File, Format Version 12.00
# Visual Studio Version 16
VisualStudioVersion = 16.0.29424.173
MinimumVisualStudioVersion = 10.0.40219.1
Project("{FAE04EC0-301F-11D3-BF4B-00C04F79EFBC}") = "FileSorter", "FileSorter\FileSorter.csproj", "{72AFCBA8-6B27-42D7-B192-A7A9BB2FB942}"
EndProject
Project("{FAE04EC0-301F-11D3-BF4B-00C04F79EFBC}") = "FileSorterTests", "FileSorterTests\FileSorterTests.csproj", "{60307E1E-4A5E-47AC-8029-2AA039FABDB0}"
EndProject
Global
	GlobalSection(SolutionConfigurationPlatforms) = preSolution
		Debug|Any CPU = Debug|Any CPU
		Release|Any CPU = Release|Any CPU
	EndGlobalSection
	GlobalSection(ProjectConfigurationPlatforms) = postSolution
		{72AFCBA8-6B27-42D7-B192-A7A9BB2FB942}.Debug|Any CPU.ActiveCfg = Debug|Any CPU
		{72AFCBA8-6B27-42D7-B192-A7A9BB2FB942}.Debug|Any CPU.Build.0 = Debug|Any CPU
		{72AFCBA8-6B27-42D7-B192-A7A9BB2FB942}.Release|Any CPU.ActiveCfg = Release|Any CPU
		{72AFCBA8-6B27-42D7-B192-A7A9BB2FB942}.Release|Any CPU.Build.0 = Release|Any CPU
		{60307E1E-4A5E-47AC-8029-2AA039FABDB0}.Debug|Any CPU.ActiveCfg = Debug|Any CPU
		{60307E1E-4A5E-47AC-8029-2AA039FABDB0}.Debug|Any CPU.Build.0 = Debug|Any CPU
		{60307E1E-4A5E-47AC-8029-2AA039FABDB0}.Release|Any CPU.ActiveCfg = Release|Any CPU
		{60307E1E-4A5E-47AC-8029-2AA039FABDB0}.Release|Any CPU.Build.0 = Release|Any CPU
	EndGlobalSection
	GlobalSection(SolutionProperties) = preSolution
		HideSolutionNode = FALSE
	EndGlobalSection
	GlobalSection(ExtensibilityGlobals) = postSolution
		SolutionGuid = {598684C1-2399-41CF-8599-FC918BA21F1F}
	EndGlobalSection
EndGlobal
